{
  "name": "Team_26-200_OK_RaceReady",
  "lockfileVersion": 2,
  "requires": true,
  "packages": {
    "": {
      "dependencies": {
        "response-time": "^2.3.2"
      }
    },
    "node_modules/depd": {
      "version": "1.1.2",
      "resolved": "https://registry.npmjs.org/depd/-/depd-1.1.2.tgz",
      "integrity": "sha512-7emPTl6Dpo6JRXOXjLRxck+FlLRX5847cLKEn00PLAgc3g2hTZZgr+e4c2v6QpSmLeFP3n5yUo7ft6avBK/5jQ==",
      "engines": {
        "node": ">= 0.6"
      }
    },
    "node_modules/on-headers": {
      "version": "1.0.2",
      "resolved": "https://registry.npmjs.org/on-headers/-/on-headers-1.0.2.tgz",
      "integrity": "sha512-pZAE+FJLoyITytdqK0U5s+FIpjN0JP3OzFi/u8Rx+EV5/W+JTWGXG8xFzevE7AjBfDqHv/8vL8qQsIhHnqRkrA==",
      "engines": {
        "node": ">= 0.8"
      }
    },
    "node_modules/response-time": {
      "version": "2.3.2",
      "resolved": "https://registry.npmjs.org/response-time/-/response-time-2.3.2.tgz",
      "integrity": "sha512-MUIDaDQf+CVqflfTdQ5yam+aYCkXj1PY8fjlPDQ6ppxJlmgZb864pHtA750mayywNg8tx4rS7qH9JXd/OF+3gw==",
      "dependencies": {
        "depd": "~1.1.0",
        "on-headers": "~1.0.1"
      },
      "engines": {
        "node": ">= 0.8.0"
      }
    }
  },
  "dependencies": {
    "depd": {
      "version": "1.1.2",
      "resolved": "https://registry.npmjs.org/depd/-/depd-1.1.2.tgz",
      "integrity": "sha512-7emPTl6Dpo6JRXOXjLRxck+FlLRX5847cLKEn00PLAgc3g2hTZZgr+e4c2v6QpSmLeFP3n5yUo7ft6avBK/5jQ=="
    },
    "on-headers": {
      "version": "1.0.2",
      "resolved": "https://registry.npmjs.org/on-headers/-/on-headers-1.0.2.tgz",
      "integrity": "sha512-pZAE+FJLoyITytdqK0U5s+FIpjN0JP3OzFi/u8Rx+EV5/W+JTWGXG8xFzevE7AjBfDqHv/8vL8qQsIhHnqRkrA=="
    },
    "response-time": {
      "version": "2.3.2",
      "resolved": "https://registry.npmjs.org/response-time/-/response-time-2.3.2.tgz",
      "integrity": "sha512-MUIDaDQf+CVqflfTdQ5yam+aYCkXj1PY8fjlPDQ6ppxJlmgZb864pHtA750mayywNg8tx4rS7qH9JXd/OF+3gw==",
      "requires": {
        "depd": "~1.1.0",
        "on-headers": "~1.0.1"
      }
    }
  }
}
